
Microsoft Visual Studio Solution File, Format Version 12.00
# Visual Studio 2013
VisualStudioVersion = 12.0.30501.0
MinimumVisualStudioVersion = 10.0.40219.1
Project("{FAE04EC0-301F-11D3-BF4B-00C04F79EFBC}") = "OwinSelfHostTest", "OwinSelfHostTest\OwinSelfHostTest.csproj", "{2DAC951A-CECC-4316-A28D-D0BFF65D80F7}"
EndProject
Project("{FAE04EC0-301F-11D3-BF4B-00C04F79EFBC}") = "OwinSelfHostExpanded", "OwinSelfHostExpanded\OwinSelfHostExpanded.csproj", "{5116AAA9-B37D-4EA2-8D31-EF6AAAA7749B}"
EndProject
Project("{2150E333-8FDC-42A3-9474-1A3956D46DE8}") = "Solution Items", "Solution Items", "{F3FAD2C9-052E-489B-9C22-54D9C91B6185}"
	ProjectSection(SolutionItems) = preProject
		LICENSE.txt = LICENSE.txt
	EndProjectSection
EndProject
Global
	GlobalSection(SolutionConfigurationPlatforms) = preSolution
		Debug|Any CPU = Debug|Any CPU
		Release|Any CPU = Release|Any CPU
	EndGlobalSection
	GlobalSection(ProjectConfigurationPlatforms) = postSolution
		{2DAC951A-CECC-4316-A28D-D0BFF65D80F7}.Debug|Any CPU.ActiveCfg = Debug|Any CPU
		{2DAC951A-CECC-4316-A28D-D0BFF65D80F7}.Debug|Any CPU.Build.0 = Debug|Any CPU
		{2DAC951A-CECC-4316-A28D-D0BFF65D80F7}.Release|Any CPU.ActiveCfg = Release|Any CPU
		{2DAC951A-CECC-4316-A28D-D0BFF65D80F7}.Release|Any CPU.Build.0 = Release|Any CPU
		{5116AAA9-B37D-4EA2-8D31-EF6AAAA7749B}.Debug|Any CPU.ActiveCfg = Debug|Any CPU
		{5116AAA9-B37D-4EA2-8D31-EF6AAAA7749B}.Debug|Any CPU.Build.0 = Debug|Any CPU
		{5116AAA9-B37D-4EA2-8D31-EF6AAAA7749B}.Release|Any CPU.ActiveCfg = Release|Any CPU
		{5116AAA9-B37D-4EA2-8D31-EF6AAAA7749B}.Release|Any CPU.Build.0 = Release|Any CPU
	EndGlobalSection
	GlobalSection(SolutionProperties) = preSolution
		HideSolutionNode = FALSE
	EndGlobalSection
EndGlobal
